
Microsoft Visual Studio Solution File, Format Version 12.00
# Visual Studio Version 17
VisualStudioVersion = 17.11.35219.272
MinimumVisualStudioVersion = 10.0.40219.1
Project("{FAE04EC0-301F-11D3-BF4B-00C04F79EFBC}") = "Evi_practice", "Evi_practice\Evi_practice.csproj", "{57CB26E2-9814-4168-8B0B-7BC02C24EBE9}"
EndProject
Global
	GlobalSection(SolutionConfigurationPlatforms) = preSolution
		Debug|Any CPU = Debug|Any CPU
		Release|Any CPU = Release|Any CPU
	EndGlobalSection
	GlobalSection(ProjectConfigurationPlatforms) = postSolution
		{57CB26E2-9814-4168-8B0B-7BC02C24EBE9}.Debug|Any CPU.ActiveCfg = Debug|Any CPU
		{57CB26E2-9814-4168-8B0B-7BC02C24EBE9}.Debug|Any CPU.Build.0 = Debug|Any CPU
		{57CB26E2-9814-4168-8B0B-7BC02C24EBE9}.Release|Any CPU.ActiveCfg = Release|Any CPU
		{57CB26E2-9814-4168-8B0B-7BC02C24EBE9}.Release|Any CPU.Build.0 = Release|Any CPU
	EndGlobalSection
	GlobalSection(SolutionProperties) = preSolution
		HideSolutionNode = FALSE
	EndGlobalSection
	GlobalSection(ExtensibilityGlobals) = postSolution
		SolutionGuid = {445D9A3A-1936-4EED-B02B-B52E71235B0A}
	EndGlobalSection
EndGlobal
